
Microsoft Visual Studio Solution File, Format Version 12.00
# Visual Studio Version 16
VisualStudioVersion = 16.0.31702.278
MinimumVisualStudioVersion = 10.0.40219.1
Project("{8BC9CEB8-8B4A-11D0-8D11-00A0C91BC942}") = "IntroductioToOOP", "Project 1\Project 1.vcxproj", "{2A7185C0-B798-48A4-9009-2A8740EF5F9C}"
EndProject
Project("{8BC9CEB8-8B4A-11D0-8D11-00A0C91BC942}") = "Fraction", "Fraction\Fraction.vcxproj", "{98CB45DD-71F5-4FB7-B787-E84528C82EDC}"
EndProject
Project("{8BC9CEB8-8B4A-11D0-8D11-00A0C91BC942}") = "Class String", "Class String\Class String.vcxproj", "{5ADA93C4-ECB5-44A2-A765-CE6A2A2F3742}"
EndProject
Project("{8BC9CEB8-8B4A-11D0-8D11-00A0C91BC942}") = "Binary", "Binary\Binary.vcxproj", "{A2496AED-8162-4A46-8BF0-E8E7196990D8}"
EndProject
Global
	GlobalSection(SolutionConfigurationPlatforms) = preSolution
		Debug|x64 = Debug|x64
		Debug|x86 = Debug|x86
		Release|x64 = Release|x64
		Release|x86 = Release|x86
	EndGlobalSection
	GlobalSection(ProjectConfigurationPlatforms) = postSolution
		{2A7185C0-B798-48A4-9009-2A8740EF5F9C}.Debug|x64.ActiveCfg = Debug|x64
		{2A7185C0-B798-48A4-9009-2A8740EF5F9C}.Debug|x64.Build.0 = Debug|x64
		{2A7185C0-B798-48A4-9009-2A8740EF5F9C}.Debug|x86.ActiveCfg = Debug|Win32
		{2A7185C0-B798-48A4-9009-2A8740EF5F9C}.Debug|x86.Build.0 = Debug|Win32
		{2A7185C0-B798-48A4-9009-2A8740EF5F9C}.Release|x64.ActiveCfg = Release|x64
		{2A7185C0-B798-48A4-9009-2A8740EF5F9C}.Release|x64.Build.0 = Release|x64
		{2A7185C0-B798-48A4-9009-2A8740EF5F9C}.Release|x86.ActiveCfg = Release|Win32
		{2A7185C0-B798-48A4-9009-2A8740EF5F9C}.Release|x86.Build.0 = Release|Win32
		{98CB45DD-71F5-4FB7-B787-E84528C82EDC}.Debug|x64.ActiveCfg = Debug|x64
		{98CB45DD-71F5-4FB7-B787-E84528C82EDC}.Debug|x64.Build.0 = Debug|x64
		{98CB45DD-71F5-4FB7-B787-E84528C82EDC}.Debug|x86.ActiveCfg = Debug|Win32
		{98CB45DD-71F5-4FB7-B787-E84528C82EDC}.Debug|x86.Build.0 = Debug|Win32
		{98CB45DD-71F5-4FB7-B787-E84528C82EDC}.Release|x64.ActiveCfg = Release|x64
		{98CB45DD-71F5-4FB7-B787-E84528C82EDC}.Release|x64.Build.0 = Release|x64
		{98CB45DD-71F5-4FB7-B787-E84528C82EDC}.Release|x86.ActiveCfg = Release|Win32
		{98CB45DD-71F5-4FB7-B787-E84528C82EDC}.Release|x86.Build.0 = Release|Win32
		{5ADA93C4-ECB5-44A2-A765-CE6A2A2F3742}.Debug|x64.ActiveCfg = Debug|x64
		{5ADA93C4-ECB5-44A2-A765-CE6A2A2F3742}.Debug|x64.Build.0 = Debug|x64
		{5ADA93C4-ECB5-44A2-A765-CE6A2A2F3742}.Debug|x86.ActiveCfg = Debug|Win32
		{5ADA93C4-ECB5-44A2-A765-CE6A2A2F3742}.Debug|x86.Build.0 = Debug|Win32
		{5ADA93C4-ECB5-44A2-A765-CE6A2A2F3742}.Release|x64.ActiveCfg = Release|x64
		{5ADA93C4-ECB5-44A2-A765-CE6A2A2F3742}.Release|x64.Build.0 = Release|x64
		{5ADA93C4-ECB5-44A2-A765-CE6A2A2F3742}.Release|x86.ActiveCfg = Release|Win32
		{5ADA93C4-ECB5-44A2-A765-CE6A2A2F3742}.Release|x86.Build.0 = Release|Win32
		{A2496AED-8162-4A46-8BF0-E8E7196990D8}.Debug|x64.ActiveCfg = Debug|x64
		{A2496AED-8162-4A46-8BF0-E8E7196990D8}.Debug|x64.Build.0 = Debug|x64
		{A2496AED-8162-4A46-8BF0-E8E7196990D8}.Debug|x86.ActiveCfg = Debug|Win32
		{A2496AED-8162-4A46-8BF0-E8E7196990D8}.Debug|x86.Build.0 = Debug|Win32
		{A2496AED-8162-4A46-8BF0-E8E7196990D8}.Release|x64.ActiveCfg = Release|x64
		{A2496AED-8162-4A46-8BF0-E8E7196990D8}.Release|x64.Build.0 = Release|x64
		{A2496AED-8162-4A46-8BF0-E8E7196990D8}.Release|x86.ActiveCfg = Release|Win32
		{A2496AED-8162-4A46-8BF0-E8E7196990D8}.Release|x86.Build.0 = Release|Win32
	EndGlobalSection
	GlobalSection(SolutionProperties) = preSolution
		HideSolutionNode = FALSE
	EndGlobalSection
	GlobalSection(ExtensibilityGlobals) = postSolution
		SolutionGuid = {A8D66FA9-9733-470F-AA84-B93114E724A4}
	EndGlobalSection
EndGlobal
